{
    "version": 3,
    "terraform_version": "0.10.0",
    "serial": 4,
    "lineage": "58fd8db6-dedc-4a1b-8f72-71663107bc33",
    "modules": [
        {
            "path": [
                "root"
            ],
            "outputs": {},
            "resources": {
                "aws_eip.example_eip": {
                    "type": "aws_eip",
                    "depends_on": [
                        "aws_instance.example"
                    ],
                    "primary": {
                        "id": "eipalloc-caea82a3",
                        "attributes": {
                            "domain": "vpc",
                            "id": "eipalloc-caea82a3",
                            "instance": "",
                            "network_interface": "",
                            "vpc": "true"
                        },
                        "meta": {},
                        "tainted": false
                    },
                    "deposed": [],
                    "provider": ""
                },
                "aws_instance.example": {
                    "type": "aws_instance",
                    "depends_on": [
                        "aws_key_pair.mykeypair",
                        "aws_security_group.allow-ssh",
                        "aws_subnet.pubsub-1"
                    ],
                    "primary": {
                        "id": "i-0c8b9414adff906b8",
                        "attributes": {
                            "ami": "ami-e21cc38c",
                            "associate_public_ip_address": "true",
                            "availability_zone": "ap-northeast-2a",
                            "disable_api_termination": "false",
                            "ebs_block_device.#": "0",
                            "ebs_optimized": "false",
                            "ephemeral_block_device.#": "0",
                            "iam_instance_profile": "",
                            "id": "i-0c8b9414adff906b8",
                            "instance_state": "running",
                            "instance_type": "t2.micro",
                            "ipv6_addresses.#": "0",
                            "key_name": "mykeypair",
                            "monitoring": "false",
                            "network_interface.#": "0",
                            "network_interface_id": "eni-465f652c",
                            "primary_network_interface_id": "eni-465f652c",
                            "private_dns": "ip-10-0-1-248.ap-northeast-2.compute.internal",
                            "private_ip": "10.0.1.248",
                            "public_dns": "ec2-13-124-164-216.ap-northeast-2.compute.amazonaws.com",
                            "public_ip": "13.124.164.216",
                            "root_block_device.#": "1",
                            "root_block_device.0.delete_on_termination": "true",
                            "root_block_device.0.iops": "100",
                            "root_block_device.0.volume_size": "8",
                            "root_block_device.0.volume_type": "gp2",
                            "security_groups.#": "0",
                            "source_dest_check": "true",
                            "subnet_id": "subnet-7792691f",
                            "tags.%": "1",
                            "tags.Name": "Koijam",
                            "tenancy": "default",
                            "volume_tags.%": "0",
                            "vpc_security_group_ids.#": "1",
                            "vpc_security_group_ids.3479840774": "sg-48073220"
                        },
                        "meta": {
                            "e2bfb730-ecaa-11e6-8f88-34363bc7c4c0": {
                                "create": 600000000000,
                                "delete": 600000000000,
                                "update": 600000000000
                            },
                            "schema_version": "1"
                        },
                        "tainted": false
                    },
                    "deposed": [],
                    "provider": ""
                },
                "aws_key_pair.mykeypair": {
                    "type": "aws_key_pair",
                    "depends_on": [],
                    "primary": {
                        "id": "mykeypair",
                        "attributes": {
                            "id": "mykeypair",
                            "key_name": "mykeypair",
                            "public_key": "ssh-rsa AAAAB3NzaC1yc2EAAAADAQABAAABAQDJNRiVaPnmVESuK2Okk99nAjuPRjo71FVh6331w/YT8OK7G27c4B/VnTQv1Mf17AC0CMJNOQtVLXlvQ1aIMsEEcIswMX3WGGU5PziOPrfTxWbbzE6msPrggjnxBUKE5bYbpQSt/6chtMo1Hem+BrDvx4RSg7SACv0DSOGzKPTsSZiQk6f1SqON2GF9yoOvcH0Q3YqP0EcrnfVY0QkNhJg0bfHIns0ZRuCBPnaCqaFAtV/DG5rydIa/9gZzON3PDPtQSrq2rWw6Fft8H0w797dXfZUBijIUi/qXb08Te9yz5dMd4JL35US7zw7p7VD/zBNFrGlBgiJKuedBa6JOII5n root@ip-172-31-3-165"
                        },
                        "meta": {
                            "schema_version": "1"
                        },
                        "tainted": false
                    },
                    "deposed": [],
                    "provider": ""
                },
                "aws_security_group.allow-ssh": {
                    "type": "aws_security_group",
                    "depends_on": [
                        "aws_vpc.main"
                    ],
                    "primary": {
                        "id": "sg-48073220",
                        "attributes": {
                            "description": "security group that allows ssh and all egress traffic",
                            "egress.#": "1",
                            "egress.482069346.cidr_blocks.#": "1",
                            "egress.482069346.cidr_blocks.0": "0.0.0.0/0",
                            "egress.482069346.from_port": "0",
                            "egress.482069346.ipv6_cidr_blocks.#": "0",
                            "egress.482069346.prefix_list_ids.#": "0",
                            "egress.482069346.protocol": "-1",
                            "egress.482069346.security_groups.#": "0",
                            "egress.482069346.self": "false",
                            "egress.482069346.to_port": "0",
                            "id": "sg-48073220",
                            "ingress.#": "1",
                            "ingress.2541437006.cidr_blocks.#": "1",
                            "ingress.2541437006.cidr_blocks.0": "0.0.0.0/0",
                            "ingress.2541437006.from_port": "22",
                            "ingress.2541437006.ipv6_cidr_blocks.#": "0",
                            "ingress.2541437006.protocol": "tcp",
                            "ingress.2541437006.security_groups.#": "0",
                            "ingress.2541437006.self": "false",
                            "ingress.2541437006.to_port": "22",
                            "name": "allow-ssh",
                            "owner_id": "940679525002",
                            "tags.%": "1",
                            "tags.Name": "allow-ssh",
                            "vpc_id": "vpc-345ab75c"
                        },
                        "meta": {},
                        "tainted": false
                    },
                    "deposed": [],
                    "provider": ""
                },
                "aws_subnet.PriEc2Sub-1": {
                    "type": "aws_subnet",
                    "depends_on": [
                        "aws_vpc.main"
                    ],
                    "primary": {
                        "id": "subnet-48926920",
                        "attributes": {
                            "assign_ipv6_address_on_creation": "false",
                            "availability_zone": "ap-northeast-2a",
                            "cidr_block": "10.0.4.0/24",
                            "id": "subnet-48926920",
                            "map_public_ip_on_launch": "false",
                            "tags.%": "1",
                            "tags.Name": "PriEc2Sub-1",
                            "vpc_id": "vpc-345ab75c"
                        },
                        "meta": {
                            "schema_version": "1"
                        },
                        "tainted": false
                    },
                    "deposed": [],
                    "provider": ""
                },
                "aws_subnet.PriEc2Sub-2": {
                    "type": "aws_subnet",
                    "depends_on": [
                        "aws_vpc.main"
                    ],
                    "primary": {
                        "id": "subnet-df9c67b7",
                        "attributes": {
                            "assign_ipv6_address_on_creation": "false",
                            "availability_zone": "ap-northeast-2a",
                            "cidr_block": "10.0.5.0/24",
                            "id": "subnet-df9c67b7",
                            "map_public_ip_on_launch": "false",
                            "tags.%": "1",
                            "tags.Name": "PriEc2Sub-2",
                            "vpc_id": "vpc-345ab75c"
                        },
                        "meta": {
                            "schema_version": "1"
                        },
                        "tainted": false
                    },
                    "deposed": [],
                    "provider": ""
                },
                "aws_subnet.PriEc2Sub-3": {
                    "type": "aws_subnet",
                    "depends_on": [
                        "aws_vpc.main"
                    ],
                    "primary": {
                        "id": "subnet-a6a195eb",
                        "attributes": {
                            "assign_ipv6_address_on_creation": "false",
                            "availability_zone": "ap-northeast-2c",
                            "cidr_block": "10.0.6.0/24",
                            "id": "subnet-a6a195eb",
                            "map_public_ip_on_launch": "false",
                            "tags.%": "1",
                            "tags.Name": "PriEc2Sub-3",
                            "vpc_id": "vpc-345ab75c"
                        },
                        "meta": {
                            "schema_version": "1"
                        },
                        "tainted": false
                    },
                    "deposed": [],
                    "provider": ""
                },
                "aws_subnet.PriEc2Sub-4": {
                    "type": "aws_subnet",
                    "depends_on": [
                        "aws_vpc.main"
                    ],
                    "primary": {
                        "id": "subnet-08a19545",
                        "attributes": {
                            "assign_ipv6_address_on_creation": "false",
                            "availability_zone": "ap-northeast-2c",
                            "cidr_block": "10.0.7.0/24",
                            "id": "subnet-08a19545",
                            "map_public_ip_on_launch": "false",
                            "tags.%": "1",
                            "tags.Name": "PriEc2Sub-4",
                            "vpc_id": "vpc-345ab75c"
                        },
                        "meta": {
                            "schema_version": "1"
                        },
                        "tainted": false
                    },
                    "deposed": [],
                    "provider": ""
                },
                "aws_subnet.pubsub-1": {
                    "type": "aws_subnet",
                    "depends_on": [
                        "aws_vpc.main"
                    ],
                    "primary": {
                        "id": "subnet-7792691f",
                        "attributes": {
                            "assign_ipv6_address_on_creation": "false",
                            "availability_zone": "ap-northeast-2a",
                            "cidr_block": "10.0.1.0/24",
                            "id": "subnet-7792691f",
                            "map_public_ip_on_launch": "true",
                            "tags.%": "1",
                            "tags.Name": "pubsub-1",
                            "vpc_id": "vpc-345ab75c"
                        },
                        "meta": {
                            "schema_version": "1"
                        },
                        "tainted": false
                    },
                    "deposed": [],
                    "provider": ""
                },
                "aws_subnet.pubsub-2": {
                    "type": "aws_subnet",
                    "depends_on": [
                        "aws_vpc.main"
                    ],
                    "primary": {
                        "id": "subnet-7fa09432",
                        "attributes": {
                            "assign_ipv6_address_on_creation": "false",
                            "availability_zone": "ap-northeast-2c",
                            "cidr_block": "10.0.2.0/24",
                            "id": "subnet-7fa09432",
                            "map_public_ip_on_launch": "true",
                            "tags.%": "1",
                            "tags.Name": "pubsub-",
                            "vpc_id": "vpc-345ab75c"
                        },
                        "meta": {
                            "schema_version": "1"
                        },
                        "tainted": false
                    },
                    "deposed": [],
                    "provider": ""
                },
                "aws_subnet.pubsub-3": {
                    "type": "aws_subnet",
                    "depends_on": [
                        "aws_vpc.main"
                    ],
                    "primary": {
                        "id": "subnet-dea19593",
                        "attributes": {
                            "assign_ipv6_address_on_creation": "false",
                            "availability_zone": "ap-northeast-2c",
                            "cidr_block": "10.0.3.0/24",
                            "id": "subnet-dea19593",
                            "map_public_ip_on_launch": "true",
                            "tags.%": "1",
                            "tags.Name": "pubsub-3",
                            "vpc_id": "vpc-345ab75c"
                        },
                        "meta": {
                            "schema_version": "1"
                        },
                        "tainted": false
                    },
                    "deposed": [],
                    "provider": ""
                },
                "aws_vpc.main": {
                    "type": "aws_vpc",
                    "depends_on": [],
                    "primary": {
                        "id": "vpc-345ab75c",
                        "attributes": {
                            "assign_generated_ipv6_cidr_block": "false",
                            "cidr_block": "10.0.0.0/16",
                            "default_network_acl_id": "acl-d3d110bb",
                            "default_route_table_id": "rtb-ba1fd7d2",
                            "default_security_group_id": "sg-ec043184",
                            "dhcp_options_id": "dopt-f449af9d",
                            "enable_classiclink": "false",
                            "enable_dns_hostnames": "true",
                            "enable_dns_support": "true",
                            "id": "vpc-345ab75c",
                            "instance_tenancy": "default",
                            "main_route_table_id": "rtb-ba1fd7d2",
                            "tags.%": "1",
                            "tags.Name": "mainTesting"
                        },
                        "meta": {
                            "schema_version": "1"
                        },
                        "tainted": false
                    },
                    "deposed": [],
                    "provider": ""
                }
            },
            "depends_on": []
        }
    ]
}
