{
    "version": 3,
    "terraform_version": "0.10.0",
    "serial": 24,
    "lineage": "f946eab7-7be4-48ad-a3c7-ac16eacf7131",
    "modules": [
        {
            "path": [
                "root"
            ],
            "outputs": {},
            "resources": {
                "aws_instance.example": {
                    "type": "aws_instance",
                    "depends_on": [
                        "aws_key_pair.mykeypair"
                    ],
                    "primary": {
                        "id": "i-0a83edaf50825d4b9",
                        "attributes": {
                            "ami": "ami-489f8e2c",
                            "associate_public_ip_address": "true",
                            "availability_zone": "eu-west-2a",
                            "disable_api_termination": "false",
                            "ebs_block_device.#": "0",
                            "ebs_optimized": "false",
                            "ephemeral_block_device.#": "0",
                            "iam_instance_profile": "",
                            "id": "i-0a83edaf50825d4b9",
                            "instance_state": "running",
                            "instance_type": "t2.micro",
                            "ipv6_addresses.#": "0",
                            "key_name": "mykeypair",
                            "monitoring": "false",
                            "network_interface.#": "0",
                            "network_interface_id": "eni-ff8fc985",
                            "primary_network_interface_id": "eni-ff8fc985",
                            "private_dns": "ip-172-31-0-250.eu-west-2.compute.internal",
                            "private_ip": "172.31.0.250",
                            "public_dns": "ec2-35-176-217-15.eu-west-2.compute.amazonaws.com",
                            "public_ip": "35.176.217.15",
                            "root_block_device.#": "1",
                            "root_block_device.0.delete_on_termination": "true",
                            "root_block_device.0.iops": "100",
                            "root_block_device.0.volume_size": "8",
                            "root_block_device.0.volume_type": "gp2",
                            "security_groups.#": "0",
                            "source_dest_check": "true",
                            "subnet_id": "subnet-9e414de6",
                            "tags.%": "1",
                            "tags.Name": "Koijam Singh",
                            "tenancy": "default",
                            "user_data": "c88421cdb45f2e1b85e362f672d52d02c9525cc0",
                            "volume_tags.%": "0",
                            "vpc_security_group_ids.#": "1",
                            "vpc_security_group_ids.232644652": "sg-0ecc2367"
                        },
                        "meta": {
                            "e2bfb730-ecaa-11e6-8f88-34363bc7c4c0": {
                                "create": 600000000000,
                                "delete": 600000000000,
                                "update": 600000000000
                            },
                            "schema_version": "1"
                        },
                        "tainted": false
                    },
                    "deposed": [],
                    "provider": ""
                },
                "aws_key_pair.mykeypair": {
                    "type": "aws_key_pair",
                    "depends_on": [],
                    "primary": {
                        "id": "mykeypair",
                        "attributes": {
                            "fingerprint": "4d:f6:8f:63:fc:41:5d:18:d8:4f:30:77:d1:69:af:6b",
                            "id": "mykeypair",
                            "key_name": "mykeypair",
                            "public_key": "ssh-rsa AAAAB3NzaC1yc2EAAAADAQABAAABAQDJNRiVaPnmVESuK2Okk99nAjuPRjo71FVh6331w/YT8OK7G27c4B/VnTQv1Mf17AC0CMJNOQtVLXlvQ1aIMsEEcIswMX3WGGU5PziOPrfTxWbbzE6msPrggjnxBUKE5bYbpQSt/6chtMo1Hem+BrDvx4RSg7SACv0DSOGzKPTsSZiQk6f1SqON2GF9yoOvcH0Q3YqP0EcrnfVY0QkNhJg0bfHIns0ZRuCBPnaCqaFAtV/DG5rydIa/9gZzON3PDPtQSrq2rWw6Fft8H0w797dXfZUBijIUi/qXb08Te9yz5dMd4JL35US7zw7p7VD/zBNFrGlBgiJKuedBa6JOII5n root@ip-172-31-3-165"
                        },
                        "meta": {
                            "schema_version": "1"
                        },
                        "tainted": false
                    },
                    "deposed": [],
                    "provider": ""
                }
            },
            "depends_on": []
        }
    ]
}
