{
    "version": 3,
    "terraform_version": "0.10.0",
    "serial": 23,
    "lineage": "f946eab7-7be4-48ad-a3c7-ac16eacf7131",
    "modules": [
        {
            "path": [
                "root"
            ],
            "outputs": {},
            "resources": {
                "aws_autoscaling_group.Koijam-AutoS": {
                    "type": "aws_autoscaling_group",
                    "depends_on": [
                        "aws_elb.Koijam-elb",
                        "aws_launch_configuration.Koijam-launchconfig",
                        "aws_subnet.pubsub-1"
                    ],
                    "primary": {
                        "id": "Koijam-AutoS",
                        "attributes": {
                            "arn": "arn:aws:autoscaling:eu-west-2:940679525002:autoScalingGroup:e1056cc2-8b15-45e5-aaf3-02122ce2b3d8:autoScalingGroupName/Koijam-AutoS",
                            "availability_zones.#": "1",
                            "availability_zones.3230292939": "eu-west-2a",
                            "default_cooldown": "300",
                            "desired_capacity": "2",
                            "force_delete": "true",
                            "health_check_grace_period": "300",
                            "health_check_type": "ELB",
                            "id": "Koijam-AutoS",
                            "launch_configuration": "Koijam-launchconfig002dc1bb17202bbe2417efd058",
                            "load_balancers.#": "1",
                            "load_balancers.852641691": "Koijam-elb",
                            "max_size": "2",
                            "metrics_granularity": "1Minute",
                            "min_size": "2",
                            "name": "Koijam-AutoS",
                            "placement_group": "",
                            "protect_from_scale_in": "false",
                            "suspended_processes.#": "0",
                            "tag.#": "1",
                            "tag.4002796445.key": "Name",
                            "tag.4002796445.propagate_at_launch": "true",
                            "tag.4002796445.value": "Koijam  ec2 instance",
                            "target_group_arns.#": "0",
                            "termination_policies.#": "0",
                            "vpc_zone_identifier.#": "1",
                            "vpc_zone_identifier.1570028695": "subnet-2945d452",
                            "wait_for_capacity_timeout": "10m"
                        },
                        "meta": {
                            "e2bfb730-ecaa-11e6-8f88-34363bc7c4c0": {
                                "delete": 600000000000
                            }
                        },
                        "tainted": false
                    },
                    "deposed": [],
                    "provider": ""
                },
                "aws_autoscaling_policy.Koija-cpu-policy": {
                    "type": "aws_autoscaling_policy",
                    "depends_on": [
                        "aws_autoscaling_group.Koijam-AutoS"
                    ],
                    "primary": {
                        "id": "Koijam-cpu-policy",
                        "attributes": {
                            "adjustment_type": "ChangeInCapacity",
                            "arn": "arn:aws:autoscaling:eu-west-2:940679525002:scalingPolicy:3282d376-e0dd-48af-8b1c-052e88f20385:autoScalingGroupName/Koijam-AutoS:policyName/Koijam-cpu-policy",
                            "autoscaling_group_name": "Koijam-AutoS",
                            "cooldown": "300",
                            "estimated_instance_warmup": "0",
                            "id": "Koijam-cpu-policy",
                            "metric_aggregation_type": "",
                            "min_adjustment_step": "0",
                            "name": "Koijam-cpu-policy",
                            "policy_type": "SimpleScaling",
                            "scaling_adjustment": "1",
                            "step_adjustment.#": "0"
                        },
                        "meta": {},
                        "tainted": false
                    },
                    "deposed": [],
                    "provider": ""
                },
                "aws_autoscaling_policy.Koijam-cpu-policy-scaledown": {
                    "type": "aws_autoscaling_policy",
                    "depends_on": [
                        "aws_autoscaling_group.Koijam-AutoS"
                    ],
                    "primary": {
                        "id": "Koijam-cpu-policy-scaledown",
                        "attributes": {
                            "adjustment_type": "ChangeInCapacity",
                            "arn": "arn:aws:autoscaling:eu-west-2:940679525002:scalingPolicy:58462898-cf1f-4d2f-a39b-3a951bd4ccad:autoScalingGroupName/Koijam-AutoS:policyName/Koijam-cpu-policy-scaledown",
                            "autoscaling_group_name": "Koijam-AutoS",
                            "cooldown": "300",
                            "estimated_instance_warmup": "0",
                            "id": "Koijam-cpu-policy-scaledown",
                            "metric_aggregation_type": "",
                            "min_adjustment_step": "0",
                            "name": "Koijam-cpu-policy-scaledown",
                            "policy_type": "SimpleScaling",
                            "scaling_adjustment": "-1",
                            "step_adjustment.#": "0"
                        },
                        "meta": {},
                        "tainted": false
                    },
                    "deposed": [],
                    "provider": ""
                },
                "aws_elb.Koijam-elb": {
                    "type": "aws_elb",
                    "depends_on": [
                        "aws_security_group.Koijam-SG",
                        "aws_subnet.pubsub-1",
                        "aws_subnet.pubsub-2"
                    ],
                    "primary": {
                        "id": "Koijam-elb",
                        "attributes": {
                            "access_logs.#": "0",
                            "availability_zones.#": "2",
                            "availability_zones.1501760113": "eu-west-2b",
                            "availability_zones.3230292939": "eu-west-2a",
                            "connection_draining": "true",
                            "connection_draining_timeout": "400",
                            "cross_zone_load_balancing": "true",
                            "dns_name": "Koijam-elb-2103314716.eu-west-2.elb.amazonaws.com",
                            "health_check.#": "1",
                            "health_check.0.healthy_threshold": "2",
                            "health_check.0.interval": "30",
                            "health_check.0.target": "HTTP:80/",
                            "health_check.0.timeout": "3",
                            "health_check.0.unhealthy_threshold": "2",
                            "id": "Koijam-elb",
                            "idle_timeout": "60",
                            "instances.#": "0",
                            "internal": "false",
                            "listener.#": "1",
                            "listener.3057123346.instance_port": "80",
                            "listener.3057123346.instance_protocol": "http",
                            "listener.3057123346.lb_port": "80",
                            "listener.3057123346.lb_protocol": "http",
                            "listener.3057123346.ssl_certificate_id": "",
                            "name": "Koijam-elb",
                            "security_groups.#": "1",
                            "security_groups.1725683669": "sg-ac390cc5",
                            "source_security_group": "940679525002/Koijam-SG",
                            "source_security_group_id": "sg-ac390cc5",
                            "subnets.#": "2",
                            "subnets.1570028695": "subnet-2945d452",
                            "subnets.918152193": "subnet-3f48e472",
                            "tags.%": "1",
                            "tags.Name": "Koijam-elb",
                            "zone_id": "ZHURV8PSTC4K8"
                        },
                        "meta": {},
                        "tainted": false
                    },
                    "deposed": [],
                    "provider": ""
                },
                "aws_internet_gateway.Koijam-Igw": {
                    "type": "aws_internet_gateway",
                    "depends_on": [
                        "aws_vpc.Koijam-VPC"
                    ],
                    "primary": {
                        "id": "igw-5dbd0234",
                        "attributes": {
                            "id": "igw-5dbd0234",
                            "tags.%": "1",
                            "tags.Name": "Koijam-Igw",
                            "vpc_id": "vpc-c7e385ae"
                        },
                        "meta": {},
                        "tainted": false
                    },
                    "deposed": [],
                    "provider": ""
                },
                "aws_key_pair.mykeypair": {
                    "type": "aws_key_pair",
                    "depends_on": [],
                    "primary": {
                        "id": "mykeypair",
                        "attributes": {
                            "id": "mykeypair",
                            "key_name": "mykeypair",
                            "public_key": "ssh-rsa AAAAB3NzaC1yc2EAAAADAQABAAABAQDJNRiVaPnmVESuK2Okk99nAjuPRjo71FVh6331w/YT8OK7G27c4B/VnTQv1Mf17AC0CMJNOQtVLXlvQ1aIMsEEcIswMX3WGGU5PziOPrfTxWbbzE6msPrggjnxBUKE5bYbpQSt/6chtMo1Hem+BrDvx4RSg7SACv0DSOGzKPTsSZiQk6f1SqON2GF9yoOvcH0Q3YqP0EcrnfVY0QkNhJg0bfHIns0ZRuCBPnaCqaFAtV/DG5rydIa/9gZzON3PDPtQSrq2rWw6Fft8H0w797dXfZUBijIUi/qXb08Te9yz5dMd4JL35US7zw7p7VD/zBNFrGlBgiJKuedBa6JOII5n root@ip-172-31-3-165"
                        },
                        "meta": {
                            "schema_version": "1"
                        },
                        "tainted": false
                    },
                    "deposed": [],
                    "provider": ""
                },
                "aws_launch_configuration.Koijam-launchconfig": {
                    "type": "aws_launch_configuration",
                    "depends_on": [
                        "aws_key_pair.mykeypair",
                        "aws_security_group.Koijam-SG"
                    ],
                    "primary": {
                        "id": "Koijam-launchconfig002dc1bb17202bbe2417efd058",
                        "attributes": {
                            "associate_public_ip_address": "false",
                            "ebs_block_device.#": "0",
                            "ebs_optimized": "false",
                            "enable_monitoring": "true",
                            "ephemeral_block_device.#": "0",
                            "iam_instance_profile": "",
                            "id": "Koijam-launchconfig002dc1bb17202bbe2417efd058",
                            "image_id": "ami-03e7f667",
                            "instance_type": "t2.micro",
                            "key_name": "mykeypair",
                            "name": "Koijam-launchconfig002dc1bb17202bbe2417efd058",
                            "name_prefix": "Koijam-launchconfig",
                            "root_block_device.#": "0",
                            "security_groups.#": "1",
                            "security_groups.1725683669": "sg-ac390cc5",
                            "spot_price": "",
                            "user_data": "c88421cdb45f2e1b85e362f672d52d02c9525cc0",
                            "vpc_classic_link_id": "",
                            "vpc_classic_link_security_groups.#": "0"
                        },
                        "meta": {},
                        "tainted": false
                    },
                    "deposed": [],
                    "provider": ""
                },
                "aws_security_group.Koijam-SG": {
                    "type": "aws_security_group",
                    "depends_on": [
                        "aws_vpc.Koijam-VPC"
                    ],
                    "primary": {
                        "id": "sg-ac390cc5",
                        "attributes": {
                            "description": "security group that allows ssh and all egress traffic",
                            "egress.#": "1",
                            "egress.482069346.cidr_blocks.#": "1",
                            "egress.482069346.cidr_blocks.0": "0.0.0.0/0",
                            "egress.482069346.from_port": "0",
                            "egress.482069346.ipv6_cidr_blocks.#": "0",
                            "egress.482069346.prefix_list_ids.#": "0",
                            "egress.482069346.protocol": "-1",
                            "egress.482069346.security_groups.#": "0",
                            "egress.482069346.self": "false",
                            "egress.482069346.to_port": "0",
                            "id": "sg-ac390cc5",
                            "ingress.#": "1",
                            "ingress.2541437006.cidr_blocks.#": "1",
                            "ingress.2541437006.cidr_blocks.0": "0.0.0.0/0",
                            "ingress.2541437006.from_port": "22",
                            "ingress.2541437006.ipv6_cidr_blocks.#": "0",
                            "ingress.2541437006.protocol": "tcp",
                            "ingress.2541437006.security_groups.#": "0",
                            "ingress.2541437006.self": "false",
                            "ingress.2541437006.to_port": "22",
                            "name": "Koijam-SG",
                            "owner_id": "940679525002",
                            "tags.%": "1",
                            "tags.Name": "Koijam-SG",
                            "vpc_id": "vpc-c7e385ae"
                        },
                        "meta": {},
                        "tainted": false
                    },
                    "deposed": [],
                    "provider": ""
                },
                "aws_security_group.elb-securitygroup": {
                    "type": "aws_security_group",
                    "depends_on": [
                        "aws_vpc.Koijam-VPC"
                    ],
                    "primary": {
                        "id": "sg-0c380d65",
                        "attributes": {
                            "description": "security group for load balancer",
                            "egress.#": "1",
                            "egress.482069346.cidr_blocks.#": "1",
                            "egress.482069346.cidr_blocks.0": "0.0.0.0/0",
                            "egress.482069346.from_port": "0",
                            "egress.482069346.ipv6_cidr_blocks.#": "0",
                            "egress.482069346.prefix_list_ids.#": "0",
                            "egress.482069346.protocol": "-1",
                            "egress.482069346.security_groups.#": "0",
                            "egress.482069346.self": "false",
                            "egress.482069346.to_port": "0",
                            "id": "sg-0c380d65",
                            "ingress.#": "1",
                            "ingress.2214680975.cidr_blocks.#": "1",
                            "ingress.2214680975.cidr_blocks.0": "0.0.0.0/0",
                            "ingress.2214680975.from_port": "80",
                            "ingress.2214680975.ipv6_cidr_blocks.#": "0",
                            "ingress.2214680975.protocol": "tcp",
                            "ingress.2214680975.security_groups.#": "0",
                            "ingress.2214680975.self": "false",
                            "ingress.2214680975.to_port": "80",
                            "name": "myelb",
                            "owner_id": "940679525002",
                            "tags.%": "1",
                            "tags.Name": "myelb",
                            "vpc_id": "vpc-c7e385ae"
                        },
                        "meta": {},
                        "tainted": false
                    },
                    "deposed": [],
                    "provider": ""
                },
                "aws_subnet.pubsub-1": {
                    "type": "aws_subnet",
                    "depends_on": [
                        "aws_vpc.Koijam-VPC"
                    ],
                    "primary": {
                        "id": "subnet-2945d452",
                        "attributes": {
                            "assign_ipv6_address_on_creation": "false",
                            "availability_zone": "eu-west-2a",
                            "cidr_block": "10.0.1.0/24",
                            "id": "subnet-2945d452",
                            "map_public_ip_on_launch": "true",
                            "tags.%": "1",
                            "tags.Name": "pubsub-1",
                            "vpc_id": "vpc-c7e385ae"
                        },
                        "meta": {
                            "schema_version": "1"
                        },
                        "tainted": false
                    },
                    "deposed": [],
                    "provider": ""
                },
                "aws_subnet.pubsub-2": {
                    "type": "aws_subnet",
                    "depends_on": [
                        "aws_vpc.Koijam-VPC"
                    ],
                    "primary": {
                        "id": "subnet-3f48e472",
                        "attributes": {
                            "assign_ipv6_address_on_creation": "false",
                            "availability_zone": "eu-west-2b",
                            "cidr_block": "10.0.2.0/24",
                            "id": "subnet-3f48e472",
                            "map_public_ip_on_launch": "true",
                            "tags.%": "1",
                            "tags.Name": "pubsub-2",
                            "vpc_id": "vpc-c7e385ae"
                        },
                        "meta": {
                            "schema_version": "1"
                        },
                        "tainted": false
                    },
                    "deposed": [],
                    "provider": ""
                },
                "aws_vpc.Koijam-VPC": {
                    "type": "aws_vpc",
                    "depends_on": [],
                    "primary": {
                        "id": "vpc-c7e385ae",
                        "attributes": {
                            "assign_generated_ipv6_cidr_block": "false",
                            "cidr_block": "10.0.0.0/16",
                            "default_network_acl_id": "acl-44adc62d",
                            "default_route_table_id": "rtb-dff98fb6",
                            "default_security_group_id": "sg-37390c5e",
                            "dhcp_options_id": "dopt-02b6556b",
                            "enable_classiclink": "false",
                            "enable_dns_hostnames": "true",
                            "enable_dns_support": "true",
                            "id": "vpc-c7e385ae",
                            "instance_tenancy": "default",
                            "main_route_table_id": "rtb-dff98fb6",
                            "tags.%": "1",
                            "tags.Name": "Koijam-VPC"
                        },
                        "meta": {
                            "schema_version": "1"
                        },
                        "tainted": false
                    },
                    "deposed": [],
                    "provider": ""
                }
            },
            "depends_on": []
        }
    ]
}
