{
    "version": 3,
    "terraform_version": "0.10.0",
    "serial": 2,
    "lineage": "254b3288-9e01-4235-8285-8403f14224af",
    "modules": [
        {
            "path": [
                "root"
            ],
            "outputs": {},
            "resources": {
                "aws_internet_gateway.main-gw": {
                    "type": "aws_internet_gateway",
                    "depends_on": [
                        "aws_vpc.main"
                    ],
                    "primary": {
                        "id": "igw-299adc40",
                        "attributes": {
                            "id": "igw-299adc40",
                            "tags.%": "1",
                            "tags.Name": "main",
                            "vpc_id": "vpc-ac1df0c4"
                        },
                        "meta": {},
                        "tainted": false
                    },
                    "deposed": [],
                    "provider": ""
                },
                "aws_route_table.main-public": {
                    "type": "aws_route_table",
                    "depends_on": [
                        "aws_internet_gateway.main-gw",
                        "aws_vpc.main"
                    ],
                    "primary": {
                        "id": "rtb-d0c30bb8",
                        "attributes": {
                            "id": "rtb-d0c30bb8",
                            "propagating_vgws.#": "0",
                            "route.#": "1",
                            "route.1553590215.cidr_block": "0.0.0.0/0",
                            "route.1553590215.egress_only_gateway_id": "",
                            "route.1553590215.gateway_id": "igw-299adc40",
                            "route.1553590215.instance_id": "",
                            "route.1553590215.ipv6_cidr_block": "",
                            "route.1553590215.nat_gateway_id": "",
                            "route.1553590215.network_interface_id": "",
                            "route.1553590215.vpc_peering_connection_id": "",
                            "tags.%": "1",
                            "tags.Name": "main-public-1",
                            "vpc_id": "vpc-ac1df0c4"
                        },
                        "meta": {},
                        "tainted": false
                    },
                    "deposed": [],
                    "provider": ""
                },
                "aws_route_table_association.main-public-1-a": {
                    "type": "aws_route_table_association",
                    "depends_on": [
                        "aws_route_table.main-public",
                        "aws_subnet.pubsub-1"
                    ],
                    "primary": {
                        "id": "rtbassoc-f9074791",
                        "attributes": {
                            "id": "rtbassoc-f9074791",
                            "route_table_id": "rtb-d0c30bb8",
                            "subnet_id": "subnet-27669e4f"
                        },
                        "meta": {},
                        "tainted": false
                    },
                    "deposed": [],
                    "provider": ""
                },
                "aws_route_table_association.main-public-2-a": {
                    "type": "aws_route_table_association",
                    "depends_on": [
                        "aws_route_table.main-public",
                        "aws_subnet.pubsub-2"
                    ],
                    "primary": {
                        "id": "rtbassoc-e9064681",
                        "attributes": {
                            "id": "rtbassoc-e9064681",
                            "route_table_id": "rtb-d0c30bb8",
                            "subnet_id": "subnet-caf9cd87"
                        },
                        "meta": {},
                        "tainted": false
                    },
                    "deposed": [],
                    "provider": ""
                },
                "aws_route_table_association.main-public-3-a": {
                    "type": "aws_route_table_association",
                    "depends_on": [
                        "aws_route_table.main-public",
                        "aws_subnet.pubsub-3"
                    ],
                    "primary": {
                        "id": "rtbassoc-fa074792",
                        "attributes": {
                            "id": "rtbassoc-fa074792",
                            "route_table_id": "rtb-d0c30bb8",
                            "subnet_id": "subnet-c5f9cd88"
                        },
                        "meta": {},
                        "tainted": false
                    },
                    "deposed": [],
                    "provider": ""
                },
                "aws_security_group.allow-ssh": {
                    "type": "aws_security_group",
                    "depends_on": [
                        "aws_vpc.main"
                    ],
                    "primary": {
                        "id": "sg-20784d48",
                        "attributes": {
                            "description": "security group that allows ssh and all egress traffic",
                            "egress.#": "1",
                            "egress.482069346.cidr_blocks.#": "1",
                            "egress.482069346.cidr_blocks.0": "0.0.0.0/0",
                            "egress.482069346.from_port": "0",
                            "egress.482069346.ipv6_cidr_blocks.#": "0",
                            "egress.482069346.prefix_list_ids.#": "0",
                            "egress.482069346.protocol": "-1",
                            "egress.482069346.security_groups.#": "0",
                            "egress.482069346.self": "false",
                            "egress.482069346.to_port": "0",
                            "id": "sg-20784d48",
                            "ingress.#": "1",
                            "ingress.2541437006.cidr_blocks.#": "1",
                            "ingress.2541437006.cidr_blocks.0": "0.0.0.0/0",
                            "ingress.2541437006.from_port": "22",
                            "ingress.2541437006.ipv6_cidr_blocks.#": "0",
                            "ingress.2541437006.protocol": "tcp",
                            "ingress.2541437006.security_groups.#": "0",
                            "ingress.2541437006.self": "false",
                            "ingress.2541437006.to_port": "22",
                            "name": "allow-ssh",
                            "owner_id": "940679525002",
                            "tags.%": "1",
                            "tags.Name": "allow-ssh",
                            "vpc_id": "vpc-ac1df0c4"
                        },
                        "meta": {},
                        "tainted": false
                    },
                    "deposed": [],
                    "provider": ""
                },
                "aws_subnet.PriEc2Sub-1": {
                    "type": "aws_subnet",
                    "depends_on": [
                        "aws_vpc.main"
                    ],
                    "primary": {
                        "id": "subnet-3d679f55",
                        "attributes": {
                            "assign_ipv6_address_on_creation": "false",
                            "availability_zone": "ap-northeast-2a",
                            "cidr_block": "10.0.4.0/24",
                            "id": "subnet-3d679f55",
                            "map_public_ip_on_launch": "false",
                            "tags.%": "1",
                            "tags.Name": "PriEc2Sub-1",
                            "vpc_id": "vpc-ac1df0c4"
                        },
                        "meta": {
                            "schema_version": "1"
                        },
                        "tainted": false
                    },
                    "deposed": [],
                    "provider": ""
                },
                "aws_subnet.PriEc2Sub-2": {
                    "type": "aws_subnet",
                    "depends_on": [
                        "aws_vpc.main"
                    ],
                    "primary": {
                        "id": "subnet-38669e50",
                        "attributes": {
                            "assign_ipv6_address_on_creation": "false",
                            "availability_zone": "ap-northeast-2a",
                            "cidr_block": "10.0.5.0/24",
                            "id": "subnet-38669e50",
                            "map_public_ip_on_launch": "false",
                            "tags.%": "1",
                            "tags.Name": "PriEc2Sub-2",
                            "vpc_id": "vpc-ac1df0c4"
                        },
                        "meta": {
                            "schema_version": "1"
                        },
                        "tainted": false
                    },
                    "deposed": [],
                    "provider": ""
                },
                "aws_subnet.PriEc2Sub-3": {
                    "type": "aws_subnet",
                    "depends_on": [
                        "aws_vpc.main"
                    ],
                    "primary": {
                        "id": "subnet-01fbcf4c",
                        "attributes": {
                            "assign_ipv6_address_on_creation": "false",
                            "availability_zone": "ap-northeast-2c",
                            "cidr_block": "10.0.6.0/24",
                            "id": "subnet-01fbcf4c",
                            "map_public_ip_on_launch": "false",
                            "tags.%": "1",
                            "tags.Name": "PriEc2Sub-3",
                            "vpc_id": "vpc-ac1df0c4"
                        },
                        "meta": {
                            "schema_version": "1"
                        },
                        "tainted": false
                    },
                    "deposed": [],
                    "provider": ""
                },
                "aws_subnet.PriEc2Sub-4": {
                    "type": "aws_subnet",
                    "depends_on": [
                        "aws_vpc.main"
                    ],
                    "primary": {
                        "id": "subnet-97f9cdda",
                        "attributes": {
                            "assign_ipv6_address_on_creation": "false",
                            "availability_zone": "ap-northeast-2c",
                            "cidr_block": "10.0.7.0/24",
                            "id": "subnet-97f9cdda",
                            "map_public_ip_on_launch": "false",
                            "tags.%": "1",
                            "tags.Name": "PriEc2Sub-4",
                            "vpc_id": "vpc-ac1df0c4"
                        },
                        "meta": {
                            "schema_version": "1"
                        },
                        "tainted": false
                    },
                    "deposed": [],
                    "provider": ""
                },
                "aws_subnet.pubsub-1": {
                    "type": "aws_subnet",
                    "depends_on": [
                        "aws_vpc.main"
                    ],
                    "primary": {
                        "id": "subnet-27669e4f",
                        "attributes": {
                            "assign_ipv6_address_on_creation": "false",
                            "availability_zone": "ap-northeast-2a",
                            "cidr_block": "10.0.1.0/24",
                            "id": "subnet-27669e4f",
                            "map_public_ip_on_launch": "true",
                            "tags.%": "1",
                            "tags.Name": "pubsub-1",
                            "vpc_id": "vpc-ac1df0c4"
                        },
                        "meta": {
                            "schema_version": "1"
                        },
                        "tainted": false
                    },
                    "deposed": [],
                    "provider": ""
                },
                "aws_subnet.pubsub-2": {
                    "type": "aws_subnet",
                    "depends_on": [
                        "aws_vpc.main"
                    ],
                    "primary": {
                        "id": "subnet-caf9cd87",
                        "attributes": {
                            "assign_ipv6_address_on_creation": "false",
                            "availability_zone": "ap-northeast-2c",
                            "cidr_block": "10.0.2.0/24",
                            "id": "subnet-caf9cd87",
                            "map_public_ip_on_launch": "true",
                            "tags.%": "1",
                            "tags.Name": "pubsub-",
                            "vpc_id": "vpc-ac1df0c4"
                        },
                        "meta": {
                            "schema_version": "1"
                        },
                        "tainted": false
                    },
                    "deposed": [],
                    "provider": ""
                },
                "aws_subnet.pubsub-3": {
                    "type": "aws_subnet",
                    "depends_on": [
                        "aws_vpc.main"
                    ],
                    "primary": {
                        "id": "subnet-c5f9cd88",
                        "attributes": {
                            "assign_ipv6_address_on_creation": "false",
                            "availability_zone": "ap-northeast-2c",
                            "cidr_block": "10.0.3.0/24",
                            "id": "subnet-c5f9cd88",
                            "map_public_ip_on_launch": "true",
                            "tags.%": "1",
                            "tags.Name": "pubsub-3",
                            "vpc_id": "vpc-ac1df0c4"
                        },
                        "meta": {
                            "schema_version": "1"
                        },
                        "tainted": false
                    },
                    "deposed": [],
                    "provider": ""
                },
                "aws_vpc.main": {
                    "type": "aws_vpc",
                    "depends_on": [],
                    "primary": {
                        "id": "vpc-ac1df0c4",
                        "attributes": {
                            "assign_generated_ipv6_cidr_block": "false",
                            "cidr_block": "10.0.0.0/16",
                            "default_network_acl_id": "acl-b08544d8",
                            "default_route_table_id": "rtb-30c30b58",
                            "default_security_group_id": "sg-c17b4ea9",
                            "dhcp_options_id": "dopt-f449af9d",
                            "enable_classiclink": "false",
                            "enable_dns_hostnames": "true",
                            "enable_dns_support": "true",
                            "id": "vpc-ac1df0c4",
                            "instance_tenancy": "default",
                            "main_route_table_id": "rtb-30c30b58",
                            "tags.%": "1",
                            "tags.Name": "KoijamTesting"
                        },
                        "meta": {
                            "schema_version": "1"
                        },
                        "tainted": false
                    },
                    "deposed": [],
                    "provider": ""
                }
            },
            "depends_on": []
        }
    ]
}
