{
    "version": 3,
    "terraform_version": "0.10.0",
    "serial": 2,
    "lineage": "380e3506-ce30-4209-b98e-860cc9237ccf",
    "modules": [
        {
            "path": [
                "root"
            ],
            "outputs": {
                "ELB": {
                    "sensitive": false,
                    "type": "string",
                    "value": "Koijam-elb-1966320309.eu-west-2.elb.amazonaws.com"
                }
            },
            "resources": {
                "aws_elb.Koijam-elb": {
                    "type": "aws_elb",
                    "depends_on": [
                        "aws_instance.Koijam-Instance",
                        "aws_security_group.Koijam-SG",
                        "aws_subnet.pubsub-1",
                        "aws_subnet.pubsub-2"
                    ],
                    "primary": {
                        "id": "Koijam-elb",
                        "attributes": {
                            "access_logs.#": "0",
                            "availability_zones.#": "2",
                            "availability_zones.1501760113": "eu-west-2b",
                            "availability_zones.3230292939": "eu-west-2a",
                            "connection_draining": "true",
                            "connection_draining_timeout": "400",
                            "cross_zone_load_balancing": "true",
                            "dns_name": "Koijam-elb-1966320309.eu-west-2.elb.amazonaws.com",
                            "health_check.#": "1",
                            "health_check.0.healthy_threshold": "2",
                            "health_check.0.interval": "30",
                            "health_check.0.target": "HTTP:80/",
                            "health_check.0.timeout": "3",
                            "health_check.0.unhealthy_threshold": "2",
                            "id": "Koijam-elb",
                            "idle_timeout": "60",
                            "instances.#": "1",
                            "instances.3762931572": "i-0545eb90bed285078",
                            "internal": "false",
                            "listener.#": "1",
                            "listener.3057123346.instance_port": "80",
                            "listener.3057123346.instance_protocol": "http",
                            "listener.3057123346.lb_port": "80",
                            "listener.3057123346.lb_protocol": "http",
                            "listener.3057123346.ssl_certificate_id": "",
                            "name": "Koijam-elb",
                            "security_groups.#": "1",
                            "security_groups.3536282891": "sg-a386a8ca",
                            "source_security_group": "940679525002/Koijam-SG",
                            "source_security_group_id": "sg-a386a8ca",
                            "subnets.#": "2",
                            "subnets.2375980954": "subnet-a4b82cdf",
                            "subnets.3999790325": "subnet-0374d74e",
                            "tags.%": "1",
                            "tags.Name": "Koijam-elb",
                            "zone_id": "ZHURV8PSTC4K8"
                        },
                        "meta": {},
                        "tainted": false
                    },
                    "deposed": [],
                    "provider": ""
                },
                "aws_instance.Koijam-Instance": {
                    "type": "aws_instance",
                    "depends_on": [
                        "aws_key_pair.mykeypair",
                        "aws_security_group.Koijam-SG",
                        "aws_subnet.pubsub-1"
                    ],
                    "primary": {
                        "id": "i-0545eb90bed285078",
                        "attributes": {
                            "ami": "ami-489f8e2c",
                            "associate_public_ip_address": "true",
                            "availability_zone": "eu-west-2a",
                            "disable_api_termination": "false",
                            "ebs_block_device.#": "0",
                            "ebs_optimized": "false",
                            "ephemeral_block_device.#": "0",
                            "iam_instance_profile": "",
                            "id": "i-0545eb90bed285078",
                            "instance_state": "running",
                            "instance_type": "t2.micro",
                            "ipv6_addresses.#": "0",
                            "key_name": "mykeypair",
                            "monitoring": "false",
                            "network_interface.#": "0",
                            "network_interface_id": "eni-ded4aca4",
                            "primary_network_interface_id": "eni-ded4aca4",
                            "private_dns": "ip-10-0-1-70.eu-west-2.compute.internal",
                            "private_ip": "10.0.1.70",
                            "public_dns": "ec2-52-56-106-40.eu-west-2.compute.amazonaws.com",
                            "public_ip": "52.56.106.40",
                            "root_block_device.#": "1",
                            "root_block_device.0.delete_on_termination": "true",
                            "root_block_device.0.iops": "100",
                            "root_block_device.0.volume_size": "8",
                            "root_block_device.0.volume_type": "gp2",
                            "security_groups.#": "0",
                            "source_dest_check": "true",
                            "subnet_id": "subnet-a4b82cdf",
                            "tags.%": "1",
                            "tags.Name": "Koijam-Instance",
                            "tenancy": "default",
                            "volume_tags.%": "0",
                            "vpc_security_group_ids.#": "1",
                            "vpc_security_group_ids.3536282891": "sg-a386a8ca"
                        },
                        "meta": {
                            "e2bfb730-ecaa-11e6-8f88-34363bc7c4c0": {
                                "create": 600000000000,
                                "delete": 600000000000,
                                "update": 600000000000
                            },
                            "schema_version": "1"
                        },
                        "tainted": false
                    },
                    "deposed": [],
                    "provider": ""
                },
                "aws_internet_gateway.gw": {
                    "type": "aws_internet_gateway",
                    "depends_on": [
                        "aws_vpc.Koijam-VPC"
                    ],
                    "primary": {
                        "id": "igw-22cc704b",
                        "attributes": {
                            "id": "igw-22cc704b",
                            "tags.%": "1",
                            "tags.Name": "main",
                            "vpc_id": "vpc-cfee8ba6"
                        },
                        "meta": {},
                        "tainted": false
                    },
                    "deposed": [],
                    "provider": ""
                },
                "aws_key_pair.mykeypair": {
                    "type": "aws_key_pair",
                    "depends_on": [],
                    "primary": {
                        "id": "mykeypair",
                        "attributes": {
                            "id": "mykeypair",
                            "key_name": "mykeypair",
                            "public_key": "ssh-rsa AAAAB3NzaC1yc2EAAAADAQABAAABAQDJNRiVaPnmVESuK2Okk99nAjuPRjo71FVh6331w/YT8OK7G27c4B/VnTQv1Mf17AC0CMJNOQtVLXlvQ1aIMsEEcIswMX3WGGU5PziOPrfTxWbbzE6msPrggjnxBUKE5bYbpQSt/6chtMo1Hem+BrDvx4RSg7SACv0DSOGzKPTsSZiQk6f1SqON2GF9yoOvcH0Q3YqP0EcrnfVY0QkNhJg0bfHIns0ZRuCBPnaCqaFAtV/DG5rydIa/9gZzON3PDPtQSrq2rWw6Fft8H0w797dXfZUBijIUi/qXb08Te9yz5dMd4JL35US7zw7p7VD/zBNFrGlBgiJKuedBa6JOII5n root@ip-172-31-3-165"
                        },
                        "meta": {
                            "schema_version": "1"
                        },
                        "tainted": false
                    },
                    "deposed": [],
                    "provider": ""
                },
                "aws_security_group.Koijam-SG": {
                    "type": "aws_security_group",
                    "depends_on": [
                        "aws_vpc.Koijam-VPC"
                    ],
                    "primary": {
                        "id": "sg-a386a8ca",
                        "attributes": {
                            "description": "security group that allows ssh and all egress traffic",
                            "egress.#": "1",
                            "egress.482069346.cidr_blocks.#": "1",
                            "egress.482069346.cidr_blocks.0": "0.0.0.0/0",
                            "egress.482069346.from_port": "0",
                            "egress.482069346.ipv6_cidr_blocks.#": "0",
                            "egress.482069346.prefix_list_ids.#": "0",
                            "egress.482069346.protocol": "-1",
                            "egress.482069346.security_groups.#": "0",
                            "egress.482069346.self": "false",
                            "egress.482069346.to_port": "0",
                            "id": "sg-a386a8ca",
                            "ingress.#": "1",
                            "ingress.2541437006.cidr_blocks.#": "1",
                            "ingress.2541437006.cidr_blocks.0": "0.0.0.0/0",
                            "ingress.2541437006.from_port": "22",
                            "ingress.2541437006.ipv6_cidr_blocks.#": "0",
                            "ingress.2541437006.protocol": "tcp",
                            "ingress.2541437006.security_groups.#": "0",
                            "ingress.2541437006.self": "false",
                            "ingress.2541437006.to_port": "22",
                            "name": "Koijam-SG",
                            "owner_id": "940679525002",
                            "tags.%": "1",
                            "tags.Name": "Koijam-SG",
                            "vpc_id": "vpc-cfee8ba6"
                        },
                        "meta": {},
                        "tainted": false
                    },
                    "deposed": [],
                    "provider": ""
                },
                "aws_security_group.elb-securitygroup": {
                    "type": "aws_security_group",
                    "depends_on": [
                        "aws_vpc.Koijam-VPC"
                    ],
                    "primary": {
                        "id": "sg-6e82ac07",
                        "attributes": {
                            "description": "security group for load balancer",
                            "egress.#": "1",
                            "egress.482069346.cidr_blocks.#": "1",
                            "egress.482069346.cidr_blocks.0": "0.0.0.0/0",
                            "egress.482069346.from_port": "0",
                            "egress.482069346.ipv6_cidr_blocks.#": "0",
                            "egress.482069346.prefix_list_ids.#": "0",
                            "egress.482069346.protocol": "-1",
                            "egress.482069346.security_groups.#": "0",
                            "egress.482069346.self": "false",
                            "egress.482069346.to_port": "0",
                            "id": "sg-6e82ac07",
                            "ingress.#": "1",
                            "ingress.2214680975.cidr_blocks.#": "1",
                            "ingress.2214680975.cidr_blocks.0": "0.0.0.0/0",
                            "ingress.2214680975.from_port": "80",
                            "ingress.2214680975.ipv6_cidr_blocks.#": "0",
                            "ingress.2214680975.protocol": "tcp",
                            "ingress.2214680975.security_groups.#": "0",
                            "ingress.2214680975.self": "false",
                            "ingress.2214680975.to_port": "80",
                            "name": "myelb",
                            "owner_id": "940679525002",
                            "tags.%": "1",
                            "tags.Name": "myelb",
                            "vpc_id": "vpc-cfee8ba6"
                        },
                        "meta": {},
                        "tainted": false
                    },
                    "deposed": [],
                    "provider": ""
                },
                "aws_subnet.pubsub-1": {
                    "type": "aws_subnet",
                    "depends_on": [
                        "aws_vpc.Koijam-VPC"
                    ],
                    "primary": {
                        "id": "subnet-a4b82cdf",
                        "attributes": {
                            "assign_ipv6_address_on_creation": "false",
                            "availability_zone": "eu-west-2a",
                            "cidr_block": "10.0.1.0/24",
                            "id": "subnet-a4b82cdf",
                            "map_public_ip_on_launch": "true",
                            "tags.%": "1",
                            "tags.Name": "pubsub-1",
                            "vpc_id": "vpc-cfee8ba6"
                        },
                        "meta": {
                            "schema_version": "1"
                        },
                        "tainted": false
                    },
                    "deposed": [],
                    "provider": ""
                },
                "aws_subnet.pubsub-2": {
                    "type": "aws_subnet",
                    "depends_on": [
                        "aws_vpc.Koijam-VPC"
                    ],
                    "primary": {
                        "id": "subnet-0374d74e",
                        "attributes": {
                            "assign_ipv6_address_on_creation": "false",
                            "availability_zone": "eu-west-2b",
                            "cidr_block": "10.0.2.0/24",
                            "id": "subnet-0374d74e",
                            "map_public_ip_on_launch": "true",
                            "tags.%": "1",
                            "tags.Name": "pubsub-2",
                            "vpc_id": "vpc-cfee8ba6"
                        },
                        "meta": {
                            "schema_version": "1"
                        },
                        "tainted": false
                    },
                    "deposed": [],
                    "provider": ""
                },
                "aws_vpc.Koijam-VPC": {
                    "type": "aws_vpc",
                    "depends_on": [],
                    "primary": {
                        "id": "vpc-cfee8ba6",
                        "attributes": {
                            "assign_generated_ipv6_cidr_block": "false",
                            "cidr_block": "10.0.0.0/16",
                            "default_network_acl_id": "acl-ef610f86",
                            "default_route_table_id": "rtb-9c4134f5",
                            "default_security_group_id": "sg-2d84aa44",
                            "dhcp_options_id": "dopt-02b6556b",
                            "enable_classiclink": "false",
                            "enable_dns_hostnames": "true",
                            "enable_dns_support": "true",
                            "id": "vpc-cfee8ba6",
                            "instance_tenancy": "default",
                            "main_route_table_id": "rtb-9c4134f5",
                            "tags.%": "1",
                            "tags.Name": "mainTesting"
                        },
                        "meta": {
                            "schema_version": "1"
                        },
                        "tainted": false
                    },
                    "deposed": [],
                    "provider": ""
                }
            },
            "depends_on": []
        }
    ]
}
